{
  "version": 4,
  "terraform_version": "1.7.5",
  "serial": 33,
  "lineage": "7922ae98-0a76-a502-ad60-bd84f85cd945",
  "outputs": {
    "client_certificate": {
      "value": "LS0tLS1CRUdJTiBDRVJUSUZJQ0FURS0tLS0tCk1JSUZIakNDQXdhZ0F3SUJBZ0lSQU5VRktlREpKdnVsWDN6MFNLQVB5b013RFFZSktvWklodmNOQVFFTEJRQXcKRFRFTE1Ba0dBMVVFQXhNQ1kyRXdIaGNOTWpRd05URTBNRFl5TURFMVdoY05Nall3TlRFME1EWXpNREUxV2pBdwpNUmN3RlFZRFZRUUtFdzV6ZVhOMFpXMDZiV0Z6ZEdWeWN6RVZNQk1HQTFVRUF4TU1iV0Z6ZEdWeVkyeHBaVzUwCk1JSUNJakFOQmdrcWhraUc5dzBCQVFFRkFBT0NBZzhBTUlJQ0NnS0NBZ0VBditzcjFjNkRqU2lNVWdMWFAyZGUKazRwN2VKb3BTSTEwWFdkb25BVGY0K0xVcUovbmdqQ2hZRlNFb0ttOFNjSTVvNUNaRkFtdWtWVllvN2F0Y1BYMwpOa2NqMFNkQkx1N0VxbzJTTlhuSXRXMkJ1V0dCaGlaamp3VEQ1Mnp6TlVNK29ObDVKM1BsMDZkcU1UbEoram9iCktRTDUwSHBZb0EyU3JjMGZGVlJQcldaQTBoTXcvTGVRVlB3YkdMVUY1QWN6a1licVRraWpXVDY3N2ZSbGpuNnIKSGdQZEQxQTNic2pPOVphczFvN01tUURqUGtqMWpQbWFFN21NeDVnK0ZYb0RzamlSQmJzb1pXVnFkUVJrcW5hWQpPV1VPMUNmNE5LNkQ4NkZFSlpTdDdyY0piUEx5NjJUVVFRUzN1bFZNejcya1ZpMjZSNmVvNjZPZ284WnlvNjlrCk9PVjUySUlQZnNDdE5HYnUzWkMwWFhHU1d1bUx3dGlxOWN5U0FRa2MyYWdDbE9ocTh5aEJibzF6L3p3eis5WXUKdk95T3VwRFNQZEVSUVRlUVA4SlVnUGIyYVUzTlNBdDRFUzRLS1laVG5RSmNLQVRwN3pwMUkwYjBlTmZOc0N5NgpFRllhTzVDMHIyVFkvcmx5NVJ2R1RPMWlWSmhDb3VNd1dPMU5XcmdqK21wb3NVazJJRGs4ODE4L0hHd0s3SlBtCnZqa2R6TjlNWUkvQ2ZURTYwcDl0Rk9FTEZmQ3kvcjNOQVVCTk0rdlRtUEVXV3M3UUhyQzd0ZjRWMFFXbFpDZ00KaEVTTlRxbU55Q0R5ZjZXNDZ2bWZPZzhGdzNvQVdNQW1GOTBhWjYvRVFiOTdwQmVxbzFZWkxuRlliWFN3V1FqOApYb1diTjZBdEgrRDZVSHYzWmNEYmFrRUNBd0VBQWFOV01GUXdEZ1lEVlIwUEFRSC9CQVFEQWdXZ01CTUdBMVVkCkpRUU1NQW9HQ0NzR0FRVUZCd01DTUF3R0ExVWRFd0VCL3dRQ01BQXdId1lEVlIwakJCZ3dGb0FVZHZTM3BTWE0KZ0pSYWNGc2NMbkxWK29nejgzd3dEUVlKS29aSWh2Y05BUUVMQlFBRGdnSUJBS3VwZDIwK1AwNXEvQm9wT1o3eQpnV0hmOWxRV3ZZQUdWakhRa1J5ZWpNQ1lhTHdmWGtnaGM3Skh0NFlxR2JNSzhzTFVFcHNQK0JqR1pxaVptNkF3CkdMZzNSVW80VU0ydjB5cFZZU29FK1BnSWJndFVUY3Z2dDZob1J2ZDBnM25hNlpZbkVpMEFrd2pxYUlzbnlhb1kKRDZneXZJOFlIb3F6MENROEkvTGpQWm14dUdOR2g4WktNemt1b3c2MDVDYTFicWhUOTFQR0FIUW1QOUJOQmxUOQpRVytob0NHNGxpSGZlSXEwMFllZXk4SzRRQmNVUzkzakNONUJnMEV0c1pIUy8yM3F4VkwrenJ0KzFTZ2hvRjNzClZyL2lXMnVnQnp5UytOejhSd2RncnFiY2M2aTJPeXNLZzVqVk1yaHNzcDNBYmxMV0Rqc3pBamJEWmIzYW9kTW4KbW56K2RUTjZBcFk0ZVI0NzdqN3ZPRmxJWU9hcHBQdzlwMExMd2hhbFRnQ2VtNEQ1RmRGa3oybHpXN09yN2F6QQpZT1BKMmF6dktDc296cTUycy9BQTcvdWlZdjhDY3d2UlRYaVUwTlM2VTBNc0htVFRaUlRlaVFTZ29vR2ZDcHdwCkc5YzFBQlN1MGVMTDVGZ2NWN0FhTk1YemxOcC9BcXZhVjBMT0RyS1NZdmQwWFVpeHl4L20rTXMzZFJIRGtMUGgKQVN1TnN6ZWNVVkFBc09paU5XWUJvNEc1YzBFc21vOFRoTWlzUHJ4R2F1d0RZcFl1cUREQjA0ZVY5RUQxTjV5YwprYm03UXhtTmNDbnBYd2hmK3JvQXBUeWJQYm81ViszdStiUjBubitQMkxrc2F1QUZxTEJXbCs0cmFYM1cwMVcxCkhvOFFjbW5XbWZIZDBjbmIrOEpXaGRVNgotLS0tLUVORCBDRVJUSUZJQ0FURS0tLS0tCg==",
      "type": "string",
      "sensitive": true
    },
    "kube_config": {
      "value": "apiVersion: v1\nclusters:\n- cluster:\n    certificate-authority-data: LS0tLS1CRUdJTiBDRVJUSUZJQ0FURS0tLS0tCk1JSUU2VENDQXRHZ0F3SUJBZ0lSQUpxbmt4b0pCaS91clVRSGNTU09VRWN3RFFZSktvWklodmNOQVFFTEJRQXcKRFRFTE1Ba0dBMVVFQXhNQ1kyRXdJQmNOTWpRd05URTBNRFl5TURFMVdoZ1BNakExTkRBMU1UUXdOak13TVRWYQpNQTB4Q3pBSkJnTlZCQU1UQW1OaE1JSUNJakFOQmdrcWhraUc5dzBCQVFFRkFBT0NBZzhBTUlJQ0NnS0NBZ0VBCnZOUjBhVStUQWRXdGRFczB5TWs4RC9HVkFwY2RkYjNOdE5qQk1qWHNvS0U1R05TMWFyUGNYTWhhTHJMK3lhcWkKMk8yeVBEbXV3a0pFa2VDSVJOZ1ZpNUhLVWtHTExLclRIVFh0M0ZpcHVZb1Vlb0NwS2VkU2daaFM1djhBQ0JyMgpIYlg5eTEyK2ZKaTJRQWNDbTVId0IzY05zb0dpU0tzT1ZBeEJYRXRieGxHVGJCMitiTGJxQjlVS3FESC9YMzVDCkRES0NnM2hWN0NPelhZTGpCQ2JtV01qSnpHa0t3QmFkL1BKajZrWjQvVXY4OUplZW9hSEszaVpjV1BwY29hS1oKVmp6VU40U2NRSklKT1Yxckt6dGp5UE5lc2x1REU5Nkh1WEJUR3BQQ3lORnVPYjYwaytxYUdpSWxhRVR2WkJhaAoySzdQNmpQZjFVbHlKWWdNQnF1alEyaGlBUnJxVGg2QXVDZWxnY2EvZ0xhRC9US3JVZ1NYcTRZK0dkWFBuVzNJCnQxYSszeElEUEh5TXgrcG5peVNtdTYvUHAvdmVrUDNFM2JNS3UwWDcxaDhNSU03NjBQb1ZUMFVRWEdRNS9FVUoKdTR4ZnpVTlRqbW1ieGo5RlM1OGZiNzJoNkVUdk9kbXRScHphS2FtcHNNYVhlZDFYakdkYkVjTUVEc0ZVZzlLOApWMjk3R2xNU05Ua2FFVC8zWmtTZ0ZXekd3UHkvVEVvK2ZBWGlTVWYyN25zaSs4UWR2bHczVkhYZW40dWliSXJRCjJzVEdTMG5iUzNJVys5cXBHYS9Hc2IzQ05uc2RNSVBlVEo0VGZDcFI0VFZVNHJMemhFUGUvZWtGZEFCNTZlRlIKZGZNSjR4eTYzMGxkZnFkUWFGVlhPREhQZjVRVng0RWd5WjQ1OXhNZndCOENBd0VBQWFOQ01FQXdEZ1lEVlIwUApBUUgvQkFRREFnS2tNQThHQTFVZEV3RUIvd1FGTUFNQkFmOHdIUVlEVlIwT0JCWUVGSGIwdDZVbHpJQ1VXbkJiCkhDNXkxZnFJTS9OOE1BMEdDU3FHU0liM0RRRUJDd1VBQTRJQ0FRQ0dmUjNodnZMQVB5YWU0ZGxmc21ISlkzR00KYlpJcHVnNmhkTmtlblFCekNFWTlKOWRXUWxXdGpUTm5nWDRQUFN0OTBoejVzVlplK21kOExQaEpHVitCbFQ0YQpiSWd3cEtSVE9qZ0F3b2ZMWjJUYWpZcXdLUDEwTmlYWUhBYXNCWlRXZUF5aFF2RlNlL21YeFRVUTBBWDNaMVNFCkt2aVBDbXQ2R3RBdEZVS1QvdVdCUEJyR2pIU1cyUlg0S01zeS9jZEpna2pOOFhOWmNCQXRIeXlaQ2h1L3JXM3gKWHZiR3VzM016Q1JrRitSa0lRK1hlLzVjR3dmYUQ5a0phOWJnRkdxUmtqRjJJMHB4MkJscEY3eCtvcDdyb1BkLwpVNTFES3FBNkordVduZXM0M1VhTzRpZ0ZXSlZuSkt2bkovQVp2aUZ5V2VSQVBqNmwxUkdWS29ON0laamlXRFI1CnlkZmIzall3Tnh1YS8rYWhqbnl3Q1FseTg2RWp4SjZsYmxmOUVpVTdnR2ZORk12WHVXTGoyVXJ6eFNmL2kwOVMKL1lpeHllVGZNWml1dWoxbUxMYUFScm9HUzBrK1dDZXhmaHI3M1hTMzRZZEFORzNmRUZ5SWlaSERWb3Z3KzFHOQplVTlMTGM3MTl6YlI4M1BqT0Z3WFUxR1VBUXZVaFFpRjNicUVWWVRFRUxLMlFJeTdlOXZEcm52cCthVmdQR21HCmNjTDNCV0pHZ3F3SXJXa3ZhV3NGdHR4djljKzRkd00vVEJINmsrbElNVURQc0g0Y0RXK2J5TER0L0g4NW50YS8KN1JDdnNRVnVGNnJjUEQ1bktWUTcwNmZjOFoxVFlUMG1PZFNDY2lqV3Q4dHkyVWtzaFFQQXVWOVREN0Nzb2JTNApIOThoRHZJaFhHS2tiM1laZGc9PQotLS0tLUVORCBDRVJUSUZJQ0FURS0tLS0tCg==\n    server: https://aksdemodns-6kpcclt9.hcp.northeurope.azmk8s.io:443\n  name: aksdemo\ncontexts:\n- context:\n    cluster: aksdemo\n    user: clusterUser_rg6_aksdemo\n  name: aksdemo\ncurrent-context: aksdemo\nkind: Config\npreferences: {}\nusers:\n- name: clusterUser_rg6_aksdemo\n  user:\n    client-certificate-data: LS0tLS1CRUdJTiBDRVJUSUZJQ0FURS0tLS0tCk1JSUZIakNDQXdhZ0F3SUJBZ0lSQU5VRktlREpKdnVsWDN6MFNLQVB5b013RFFZSktvWklodmNOQVFFTEJRQXcKRFRFTE1Ba0dBMVVFQXhNQ1kyRXdIaGNOTWpRd05URTBNRFl5TURFMVdoY05Nall3TlRFME1EWXpNREUxV2pBdwpNUmN3RlFZRFZRUUtFdzV6ZVhOMFpXMDZiV0Z6ZEdWeWN6RVZNQk1HQTFVRUF4TU1iV0Z6ZEdWeVkyeHBaVzUwCk1JSUNJakFOQmdrcWhraUc5dzBCQVFFRkFBT0NBZzhBTUlJQ0NnS0NBZ0VBditzcjFjNkRqU2lNVWdMWFAyZGUKazRwN2VKb3BTSTEwWFdkb25BVGY0K0xVcUovbmdqQ2hZRlNFb0ttOFNjSTVvNUNaRkFtdWtWVllvN2F0Y1BYMwpOa2NqMFNkQkx1N0VxbzJTTlhuSXRXMkJ1V0dCaGlaamp3VEQ1Mnp6TlVNK29ObDVKM1BsMDZkcU1UbEoram9iCktRTDUwSHBZb0EyU3JjMGZGVlJQcldaQTBoTXcvTGVRVlB3YkdMVUY1QWN6a1licVRraWpXVDY3N2ZSbGpuNnIKSGdQZEQxQTNic2pPOVphczFvN01tUURqUGtqMWpQbWFFN21NeDVnK0ZYb0RzamlSQmJzb1pXVnFkUVJrcW5hWQpPV1VPMUNmNE5LNkQ4NkZFSlpTdDdyY0piUEx5NjJUVVFRUzN1bFZNejcya1ZpMjZSNmVvNjZPZ284WnlvNjlrCk9PVjUySUlQZnNDdE5HYnUzWkMwWFhHU1d1bUx3dGlxOWN5U0FRa2MyYWdDbE9ocTh5aEJibzF6L3p3eis5WXUKdk95T3VwRFNQZEVSUVRlUVA4SlVnUGIyYVUzTlNBdDRFUzRLS1laVG5RSmNLQVRwN3pwMUkwYjBlTmZOc0N5NgpFRllhTzVDMHIyVFkvcmx5NVJ2R1RPMWlWSmhDb3VNd1dPMU5XcmdqK21wb3NVazJJRGs4ODE4L0hHd0s3SlBtCnZqa2R6TjlNWUkvQ2ZURTYwcDl0Rk9FTEZmQ3kvcjNOQVVCTk0rdlRtUEVXV3M3UUhyQzd0ZjRWMFFXbFpDZ00KaEVTTlRxbU55Q0R5ZjZXNDZ2bWZPZzhGdzNvQVdNQW1GOTBhWjYvRVFiOTdwQmVxbzFZWkxuRlliWFN3V1FqOApYb1diTjZBdEgrRDZVSHYzWmNEYmFrRUNBd0VBQWFOV01GUXdEZ1lEVlIwUEFRSC9CQVFEQWdXZ01CTUdBMVVkCkpRUU1NQW9HQ0NzR0FRVUZCd01DTUF3R0ExVWRFd0VCL3dRQ01BQXdId1lEVlIwakJCZ3dGb0FVZHZTM3BTWE0KZ0pSYWNGc2NMbkxWK29nejgzd3dEUVlKS29aSWh2Y05BUUVMQlFBRGdnSUJBS3VwZDIwK1AwNXEvQm9wT1o3eQpnV0hmOWxRV3ZZQUdWakhRa1J5ZWpNQ1lhTHdmWGtnaGM3Skh0NFlxR2JNSzhzTFVFcHNQK0JqR1pxaVptNkF3CkdMZzNSVW80VU0ydjB5cFZZU29FK1BnSWJndFVUY3Z2dDZob1J2ZDBnM25hNlpZbkVpMEFrd2pxYUlzbnlhb1kKRDZneXZJOFlIb3F6MENROEkvTGpQWm14dUdOR2g4WktNemt1b3c2MDVDYTFicWhUOTFQR0FIUW1QOUJOQmxUOQpRVytob0NHNGxpSGZlSXEwMFllZXk4SzRRQmNVUzkzakNONUJnMEV0c1pIUy8yM3F4VkwrenJ0KzFTZ2hvRjNzClZyL2lXMnVnQnp5UytOejhSd2RncnFiY2M2aTJPeXNLZzVqVk1yaHNzcDNBYmxMV0Rqc3pBamJEWmIzYW9kTW4KbW56K2RUTjZBcFk0ZVI0NzdqN3ZPRmxJWU9hcHBQdzlwMExMd2hhbFRnQ2VtNEQ1RmRGa3oybHpXN09yN2F6QQpZT1BKMmF6dktDc296cTUycy9BQTcvdWlZdjhDY3d2UlRYaVUwTlM2VTBNc0htVFRaUlRlaVFTZ29vR2ZDcHdwCkc5YzFBQlN1MGVMTDVGZ2NWN0FhTk1YemxOcC9BcXZhVjBMT0RyS1NZdmQwWFVpeHl4L20rTXMzZFJIRGtMUGgKQVN1TnN6ZWNVVkFBc09paU5XWUJvNEc1YzBFc21vOFRoTWlzUHJ4R2F1d0RZcFl1cUREQjA0ZVY5RUQxTjV5YwprYm03UXhtTmNDbnBYd2hmK3JvQXBUeWJQYm81ViszdStiUjBubitQMkxrc2F1QUZxTEJXbCs0cmFYM1cwMVcxCkhvOFFjbW5XbWZIZDBjbmIrOEpXaGRVNgotLS0tLUVORCBDRVJUSUZJQ0FURS0tLS0tCg==\n    client-key-data: LS0tLS1CRUdJTiBSU0EgUFJJVkFURSBLRVktLS0tLQpNSUlKS1FJQkFBS0NBZ0VBditzcjFjNkRqU2lNVWdMWFAyZGVrNHA3ZUpvcFNJMTBYV2RvbkFUZjQrTFVxSi9uCmdqQ2hZRlNFb0ttOFNjSTVvNUNaRkFtdWtWVllvN2F0Y1BYM05rY2owU2RCTHU3RXFvMlNOWG5JdFcyQnVXR0IKaGlaamp3VEQ1Mnp6TlVNK29ObDVKM1BsMDZkcU1UbEoram9iS1FMNTBIcFlvQTJTcmMwZkZWUlByV1pBMGhNdwovTGVRVlB3YkdMVUY1QWN6a1licVRraWpXVDY3N2ZSbGpuNnJIZ1BkRDFBM2Jzak85WmFzMW83TW1RRGpQa2oxCmpQbWFFN21NeDVnK0ZYb0RzamlSQmJzb1pXVnFkUVJrcW5hWU9XVU8xQ2Y0Tks2RDg2RkVKWlN0N3JjSmJQTHkKNjJUVVFRUzN1bFZNejcya1ZpMjZSNmVvNjZPZ284WnlvNjlrT09WNTJJSVBmc0N0TkdidTNaQzBYWEdTV3VtTAp3dGlxOWN5U0FRa2MyYWdDbE9ocTh5aEJibzF6L3p3eis5WXV2T3lPdXBEU1BkRVJRVGVRUDhKVWdQYjJhVTNOClNBdDRFUzRLS1laVG5RSmNLQVRwN3pwMUkwYjBlTmZOc0N5NkVGWWFPNUMwcjJUWS9ybHk1UnZHVE8xaVZKaEMKb3VNd1dPMU5XcmdqK21wb3NVazJJRGs4ODE4L0hHd0s3SlBtdmprZHpOOU1ZSS9DZlRFNjBwOXRGT0VMRmZDeQovcjNOQVVCTk0rdlRtUEVXV3M3UUhyQzd0ZjRWMFFXbFpDZ01oRVNOVHFtTnlDRHlmNlc0NnZtZk9nOEZ3M29BCldNQW1GOTBhWjYvRVFiOTdwQmVxbzFZWkxuRlliWFN3V1FqOFhvV2JONkF0SCtENlVIdjNaY0RiYWtFQ0F3RUEKQVFLQ0FnQVZSTnZMeXlJN0g1WkZkSGtrVnJGZGlvaGFla00rL2lZNlA3NlJJOTBvSlRoS0k4YUZZQnhTVDZ1UApIcUIyVUNjUklISkdqVGdpZFNIb3F0TVg1THByOG9CZXFvb0h5SUJWSW5Ga3FjVjdqZEpGbUMvQmpUbVZYUUxVCi8vY0lIUmF3dnNrMWZSdW9WREpwbUI3QnMzVFZHN1pSeTIxTTk1UWMzTkdvREhyMERaUDdkQk1HdnRVcEJmTisKem5rRHAyU29xUm9JYVBacGFwRnJNcDJhcUNFUXAzNzFObitlTUhUM05LYWM5S0JxQ0hZbXJmRkFtVnpnK0x4SQpWbS95ODEyN2Y1ZGEyajRFMXJOd21uY0ppVEVma3pxTWVvMkFVU0xnZWl2U09tTDRSS0t2eDFEeWsyOE9jWlptCitSTVZKc0F5cU1pdkxqNkROdFFUc21kOENuRUJ5QUhnK1EyTWZ2YWdDRXNWc25lU3M0SGdBcXJtb0xoK2NIY1AKeFYwMXdYdWVmNHFESWM5cDZkR2NhdTlHbFBRU3JIL3lnaFBKbFlQRXk4VnRrMmxQUGM0RytMc2RNcVBydjBmegp4TFM5a2hFRGlLejQyQlFHRTE3MHhwWDY3T2R5Rm5zR2FXUEtXZEROdCs5dlBHUGVYOW5LWVRwcmc3S3VxVDVLClJzVVhqSWo4QzQwQ1lHWTlHc3ZSRWt0MHZzb0x1OVQrMlY4bVNtcTEwSTlKUXdiMGVQMEdRV05XMHVoUXZUQlcKaENvUnlXcUc2WEpzOFZhQVpKbXRxdXlNTFpubG9Pci9PU2tXSEcvdFkyTmc5US81Y2NLZXVSS3JjVUlGeU5MNgo4dWtOOG1Hc2tvVURYUnNtNXhvdGliNUpaWEFnS0tFVXpwM3QwYlN1cTRGV0VHUE4wUUtDQVFFQTZiS1hhNlFhCmV1ZmJDYk1mMWJRSTA2bkdNeGFaRlhqbFBFcGNWUzlKb2R4UHdRYWlMZjhzTWZueEM2U0VOZWdRUitQVFo5SUoKMXpHaWwwanZYRHU5dlA5ZXBySU5PVUxReHJYN3Ftd2ZCUmlBU21SNlV5c2RQVVErbXBEYXlHMWF1SEFJQzE3RwpXbnNhd2pwdEliTVhCSkg5SkVVVUFUUXdIeTJPR24vQnlYL1I0ajgvMnhrOTBYTmVVVE1OWDBtazlzYVV2UnZyClY5QzhleXpPbmY4UFBzaFNkRkIwemQrYW1jelNyVjNHNmhTTXhnbFdsMUZ6K1hIVmtrdmRTY1BEN01qZ21HZkEKT09Ib1cvUHFRd2xKbDFlZlVuTkZndnBES0N2ZS83dG45UWhJT01maXF0aFNQcWErZWwyQlgyNUtYajRQMEVZKwoyNGF3dnhLOXExODFoUUtDQVFFQTBqdmpReGd3Wit2TnlkTmY2eHFuZXVOR2pQbVRoR3FHWlcvYUgxeW9TTzM3Cktoc0RoenBvcWF2MUFRWFlIK3NMZ2lPRXRzb2xWbjJXSE15QU14a2dsNUpyUFF0eENqWW5neFEwTGljMWtEQmoKbTFoU2JoUXlIanlCaG10WGZqcDhxTHA5UGtVdFUvNGE3Tm8vUERIclRSWU5aZThVcERtZUpVSENXMVFnNHBkdQphbzdDU1pxZGc1eTZRazBzU0VuM3JFU1ZzNmQvMTl4UWVZZ25QZDc0c3p0K2ZpQldVNkw0c21DRzNzZGlUK01YCnpyWnB5VWhjRCtySXgzb2dlRmpIMjJTeG1FOTQwZVNiMHV5a3hldXRnZDFJN1pkSFZqY3QwU05GaTdIVW9SNTgKUVlXWk9TUGkvZVFaZjFvOVNoOWh0TVJZQVc3ejdUZ2RFZkcvbW5vd2pRS0NBUUVBbWdraUwwdjZQRHFvc0dzRgp0N2t6L0RleU1TaGEvTUV6NzVwZjQ3SUlpWXlLY1FOclVJQVo1Rk1IWTVJcnB0QndNc0pqTE5KUHRDeStLNU5pCldkdnl3eWxiZk9wdE51bm9iS0cwNE83bFAxbVg3ZkR1Zy9VdUQ1ejAyckpSMHJ2cGlSb200eit6NUIyeVZJVm8KTzBjdEM5RWlGbzhGa1ltUmttdFhkL1h2aUY0Y3ZGRE9TUjhKRlE1REE2aHZ6dmZlcU4zWldoQ1YvY3JUQVNsVwpndU9FYS9Ca0VOQ2JQTHQrenBNbjVpZWluZFd2dURTZGc1Mm5vS284aUhKQ3lJVWxsZVFOemNiTTkzRkgwNXdoCk05QmlWa1BsK3RXSjRyd01HZVZZMWh6emQ1bmU2TFl2bkVaN1oxcEd3S2J6U0RDTkNqTkQveGJlQlpwdzAzQ0oKM2ZRaWRRS0NBUUVBcUhZS3RzSFVVQUc1QmdmVnJZdlBObjZXRXZNT1RTWWJDWDltZG9rRjVHS21SMmdjSEtrbQpJd2ZDckk0bFQvWkZZNFBZbmF3LzNSMkhRdzV2a0FLTGhrbHlteGptL0xyR1VKZkk5RTdBOGdpRVdIK2VsY3lqCkdHMTlrTnZFNFVZMmkvSGIyQ0VRb0dSVzZRSTlkNXU4cENtT2xPYk9VSVpHL2kzQ2N2Sm40NHBhbFJKT0J6TFoKRXhSc2dDSmM0SlE4M1pLYnJya0NqVk5pUFBCb0dZRHBJcDRDejBoVVJIS3IvQ3V6QnlNWDJWSHN5dHlLeWhxcwpncWl0T0lMWkwvWmNONlpwVk5ZaHgzYjdram5FRTBDMTZRRUxwaTc1bjlGWmFtTnNIL05nb2JiTzlLWDhVTGc3CjlSeHBmZzR1WEkzbStqWDNHemJ3U1Y4VWxFTjJPRysvSlFLQ0FRQURCUTNYdnV6RktwZ2lySXY3Qk9FL1htdFMKQThackI5VjFNUkFFeHlibjJZUXh4WHlCOFRDanU1OFVuZmpJNGNBMlVpYUZ6c1ZrcmhMOGpKQjFJZ3hsMnpmbQpETHpraFFVNnoxN01SdmIrKzJKSGNLNEE4QzhWaTFPVWxQMGNJU0c0d1d2RzBKQVZzNmpycjZiNjdBZ1lHcFdHCjVrT0tRa3p4aW5kVVJyT2NoWnNWak5kSEcwTUpCRjRNYlFMdUd4TUc1bmlBVTFjR2F6ZkpuNUt2NGRYTWp0U20KbDNjWUsyRzFCVmhvaWJIeCtZOW15eWdnQ2Y0YS9zSEdGM2RrdGozZ3ZiaHFzUkk0dEhVaUlVdmRXb0FWMWhVZwo0UTY0OHN5aXFMdEM5VTNVV3IzaEdHdFpDajAxSEdiTnVJbEYxYUlETHJKZHJrRG9oR3RFcWRBcE9OVDkKLS0tLS1FTkQgUlNBIFBSSVZBVEUgS0VZLS0tLS0K\n    token: 06piacv8jp04zr5dkcetibex0b1mpjoytfjib7drqnplr6o1n9arq6yx89z2zedwu7ot589m1ws8yv3nhju2jqfm5spcoc2key5dioyq5fkxtwhawv2hetje05bbc3m9\n",
      "type": "string",
      "sensitive": true
    },
    "nodepool_id": {
      "value": "/subscriptions/25cc9009-2580-4987-936c-95aaab093023/resourceGroups/rg6/providers/Microsoft.ContainerService/managedClusters/aksdemo/agentPools/worker",
      "type": "string"
    }
  },
  "resources": [
    {
      "mode": "managed",
      "type": "azurerm_container_registry",
      "name": "acr",
      "provider": "provider[\"registry.terraform.io/hashicorp/azurerm\"]",
      "instances": [
        {
          "schema_version": 2,
          "attributes": {
            "admin_enabled": false,
            "admin_password": "",
            "admin_username": "",
            "anonymous_pull_enabled": false,
            "data_endpoint_enabled": false,
            "encryption": [
              {
                "enabled": false,
                "identity_client_id": "",
                "key_vault_key_id": ""
              }
            ],
            "export_policy_enabled": true,
            "georeplications": [],
            "id": "/subscriptions/25cc9009-2580-4987-936c-95aaab093023/resourceGroups/rg6/providers/Microsoft.ContainerRegistry/registries/acrnikawangtest",
            "identity": [],
            "location": "northeurope",
            "login_server": "acrnikawangtest.azurecr.io",
            "name": "acrnikawangtest",
            "network_rule_bypass_option": "AzureServices",
            "network_rule_set": [
              {
                "default_action": "Allow",
                "ip_rule": [],
                "virtual_network": []
              }
            ],
            "public_network_access_enabled": true,
            "quarantine_policy_enabled": false,
            "resource_group_name": "rg6",
            "retention_policy": [
              {
                "days": 7,
                "enabled": false
              }
            ],
            "sku": "Premium",
            "tags": {},
            "timeouts": null,
            "trust_policy": [
              {
                "enabled": false
              }
            ],
            "zone_redundancy_enabled": false
          },
          "sensitive_attributes": [],
          "private": "eyJlMmJmYjczMC1lY2FhLTExZTYtOGY4OC0zNDM2M2JjN2M0YzAiOnsiY3JlYXRlIjoxODAwMDAwMDAwMDAwLCJkZWxldGUiOjE4MDAwMDAwMDAwMDAsInJlYWQiOjMwMDAwMDAwMDAwMCwidXBkYXRlIjoxODAwMDAwMDAwMDAwfSwic2NoZW1hX3ZlcnNpb24iOiIyIn0=",
          "dependencies": [
            "azurerm_resource_group.rg"
          ]
        }
      ]
    },
    {
      "mode": "managed",
      "type": "azurerm_private_dns_zone",
      "name": "acr",
      "provider": "provider[\"registry.terraform.io/hashicorp/azurerm\"]",
      "instances": [
        {
          "schema_version": 0,
          "attributes": {
            "id": "/subscriptions/25cc9009-2580-4987-936c-95aaab093023/resourceGroups/rg6/providers/Microsoft.Network/privateDnsZones/anker.northeurope.data.privatelink.azurecr.io",
            "max_number_of_record_sets": 25000,
            "max_number_of_virtual_network_links": 1000,
            "max_number_of_virtual_network_links_with_registration": 100,
            "name": "anker.northeurope.data.privatelink.azurecr.io",
            "number_of_record_sets": 1,
            "resource_group_name": "rg6",
            "soa_record": [
              {
                "email": "azureprivatedns-host.microsoft.com",
                "expire_time": 2419200,
                "fqdn": "anker.northeurope.data.privatelink.azurecr.io.",
                "host_name": "azureprivatedns.net",
                "minimum_ttl": 10,
                "refresh_time": 3600,
                "retry_time": 300,
                "serial_number": 1,
                "tags": {},
                "ttl": 3600
              }
            ],
            "tags": {},
            "timeouts": null
          },
          "sensitive_attributes": [],
          "private": "eyJlMmJmYjczMC1lY2FhLTExZTYtOGY4OC0zNDM2M2JjN2M0YzAiOnsiY3JlYXRlIjoxODAwMDAwMDAwMDAwLCJkZWxldGUiOjE4MDAwMDAwMDAwMDAsInJlYWQiOjMwMDAwMDAwMDAwMCwidXBkYXRlIjoxODAwMDAwMDAwMDAwfX0=",
          "dependencies": [
            "azurerm_resource_group.rg"
          ]
        }
      ]
    },
    {
      "mode": "managed",
      "type": "azurerm_private_dns_zone",
      "name": "aks",
      "provider": "provider[\"registry.terraform.io/hashicorp/azurerm\"]",
      "instances": [
        {
          "schema_version": 0,
          "attributes": {
            "id": "/subscriptions/25cc9009-2580-4987-936c-95aaab093023/resourceGroups/rg6/providers/Microsoft.Network/privateDnsZones/privatelink.northeurope.azmk8s.io",
            "max_number_of_record_sets": 25000,
            "max_number_of_virtual_network_links": 1000,
            "max_number_of_virtual_network_links_with_registration": 100,
            "name": "privatelink.northeurope.azmk8s.io",
            "number_of_record_sets": 1,
            "resource_group_name": "rg6",
            "soa_record": [
              {
                "email": "azureprivatedns-host.microsoft.com",
                "expire_time": 2419200,
                "fqdn": "privatelink.northeurope.azmk8s.io.",
                "host_name": "azureprivatedns.net",
                "minimum_ttl": 10,
                "refresh_time": 3600,
                "retry_time": 300,
                "serial_number": 1,
                "tags": {},
                "ttl": 3600
              }
            ],
            "tags": {},
            "timeouts": null
          },
          "sensitive_attributes": [],
          "private": "eyJlMmJmYjczMC1lY2FhLTExZTYtOGY4OC0zNDM2M2JjN2M0YzAiOnsiY3JlYXRlIjoxODAwMDAwMDAwMDAwLCJkZWxldGUiOjE4MDAwMDAwMDAwMDAsInJlYWQiOjMwMDAwMDAwMDAwMCwidXBkYXRlIjoxODAwMDAwMDAwMDAwfX0=",
          "dependencies": [
            "azurerm_resource_group.rg"
          ]
        }
      ]
    },
    {
      "mode": "managed",
      "type": "azurerm_private_dns_zone_virtual_network_link",
      "name": "acr-vnet",
      "provider": "provider[\"registry.terraform.io/hashicorp/azurerm\"]",
      "instances": [
        {
          "schema_version": 0,
          "attributes": {
            "id": "/subscriptions/25cc9009-2580-4987-936c-95aaab093023/resourceGroups/rg6/providers/Microsoft.Network/privateDnsZones/anker.northeurope.data.privatelink.azurecr.io/virtualNetworkLinks/acr-dns-link",
            "name": "acr-dns-link",
            "private_dns_zone_name": "anker.northeurope.data.privatelink.azurecr.io",
            "registration_enabled": false,
            "resource_group_name": "rg6",
            "tags": {},
            "timeouts": null,
            "virtual_network_id": "/subscriptions/25cc9009-2580-4987-936c-95aaab093023/resourceGroups/rg6/providers/Microsoft.Network/virtualNetworks/vnet-northeurope"
          },
          "sensitive_attributes": [],
          "private": "eyJlMmJmYjczMC1lY2FhLTExZTYtOGY4OC0zNDM2M2JjN2M0YzAiOnsiY3JlYXRlIjoxODAwMDAwMDAwMDAwLCJkZWxldGUiOjE4MDAwMDAwMDAwMDAsInJlYWQiOjMwMDAwMDAwMDAwMCwidXBkYXRlIjoxODAwMDAwMDAwMDAwfX0=",
          "dependencies": [
            "azurerm_private_dns_zone.acr",
            "azurerm_resource_group.rg",
            "azurerm_virtual_network.vnet"
          ]
        }
      ]
    },
    {
      "mode": "managed",
      "type": "azurerm_private_dns_zone_virtual_network_link",
      "name": "aks-link",
      "provider": "provider[\"registry.terraform.io/hashicorp/azurerm\"]",
      "instances": [
        {
          "schema_version": 0,
          "attributes": {
            "id": "/subscriptions/25cc9009-2580-4987-936c-95aaab093023/resourceGroups/rg6/providers/Microsoft.Network/privateDnsZones/privatelink.northeurope.azmk8s.io/virtualNetworkLinks/aks-dns-link",
            "name": "aks-dns-link",
            "private_dns_zone_name": "privatelink.northeurope.azmk8s.io",
            "registration_enabled": false,
            "resource_group_name": "rg6",
            "tags": {},
            "timeouts": null,
            "virtual_network_id": "/subscriptions/25cc9009-2580-4987-936c-95aaab093023/resourceGroups/rg6/providers/Microsoft.Network/virtualNetworks/vnet-northeurope"
          },
          "sensitive_attributes": [],
          "private": "eyJlMmJmYjczMC1lY2FhLTExZTYtOGY4OC0zNDM2M2JjN2M0YzAiOnsiY3JlYXRlIjoxODAwMDAwMDAwMDAwLCJkZWxldGUiOjE4MDAwMDAwMDAwMDAsInJlYWQiOjMwMDAwMDAwMDAwMCwidXBkYXRlIjoxODAwMDAwMDAwMDAwfX0=",
          "dependencies": [
            "azurerm_private_dns_zone.aks",
            "azurerm_resource_group.rg",
            "azurerm_virtual_network.vnet"
          ]
        }
      ]
    },
    {
      "mode": "managed",
      "type": "azurerm_private_endpoint",
      "name": "pe-acr",
      "provider": "provider[\"registry.terraform.io/hashicorp/azurerm\"]",
      "instances": [
        {
          "schema_version": 0,
          "attributes": {
            "custom_dns_configs": [
              {
                "fqdn": "acrnikawangtest.northeurope.data.azurecr.io",
                "ip_addresses": [
                  "10.67.5.4"
                ]
              },
              {
                "fqdn": "acrnikawangtest.azurecr.io",
                "ip_addresses": [
                  "10.67.5.5"
                ]
              }
            ],
            "custom_network_interface_name": "",
            "id": "/subscriptions/25cc9009-2580-4987-936c-95aaab093023/resourceGroups/rg6/providers/Microsoft.Network/privateEndpoints/pe-acr",
            "ip_configuration": [],
            "location": "northeurope",
            "name": "pe-acr",
            "network_interface": [
              {
                "id": "/subscriptions/25cc9009-2580-4987-936c-95aaab093023/resourceGroups/rg6/providers/Microsoft.Network/networkInterfaces/pe-acr.nic.39937e63-bc7d-4193-9ed9-fa4fd985eeb3",
                "name": "pe-acr.nic.39937e63-bc7d-4193-9ed9-fa4fd985eeb3"
              }
            ],
            "private_dns_zone_configs": [
              {
                "id": "/subscriptions/25cc9009-2580-4987-936c-95aaab093023/resourceGroups/rg6/providers/Microsoft.Network/privateEndpoints/pe-acr/privateDnsZoneGroups/pdz-stor/privateDnsZoneConfigs/anker.northeurope.data.privatelink.azurecr.io",
                "name": "anker.northeurope.data.privatelink.azurecr.io",
                "private_dns_zone_id": "/subscriptions/25cc9009-2580-4987-936c-95aaab093023/resourceGroups/rg6/providers/Microsoft.Network/privateDnsZones/anker.northeurope.data.privatelink.azurecr.io",
                "record_sets": []
              }
            ],
            "private_dns_zone_group": [
              {
                "id": "/subscriptions/25cc9009-2580-4987-936c-95aaab093023/resourceGroups/rg6/providers/Microsoft.Network/privateEndpoints/pe-acr/privateDnsZoneGroups/pdz-stor",
                "name": "pdz-stor",
                "private_dns_zone_ids": [
                  "/subscriptions/25cc9009-2580-4987-936c-95aaab093023/resourceGroups/rg6/providers/Microsoft.Network/privateDnsZones/anker.northeurope.data.privatelink.azurecr.io"
                ]
              }
            ],
            "private_service_connection": [
              {
                "is_manual_connection": false,
                "name": "psc-acr",
                "private_connection_resource_alias": "",
                "private_connection_resource_id": "/subscriptions/25cc9009-2580-4987-936c-95aaab093023/resourceGroups/rg6/providers/Microsoft.ContainerRegistry/registries/acrnikawangtest",
                "private_ip_address": "10.67.5.4",
                "request_message": "",
                "subresource_names": [
                  "registry"
                ]
              }
            ],
            "resource_group_name": "rg6",
            "subnet_id": "/subscriptions/25cc9009-2580-4987-936c-95aaab093023/resourceGroups/rg6/providers/Microsoft.Network/virtualNetworks/vnet-northeurope/subnets/PrivateLinkSubnet",
            "tags": {},
            "timeouts": null
          },
          "sensitive_attributes": [],
          "private": "eyJlMmJmYjczMC1lY2FhLTExZTYtOGY4OC0zNDM2M2JjN2M0YzAiOnsiY3JlYXRlIjozNjAwMDAwMDAwMDAwLCJkZWxldGUiOjM2MDAwMDAwMDAwMDAsInJlYWQiOjMwMDAwMDAwMDAwMCwidXBkYXRlIjozNjAwMDAwMDAwMDAwfX0=",
          "dependencies": [
            "azurerm_container_registry.acr",
            "azurerm_private_dns_zone.acr",
            "azurerm_resource_group.rg",
            "azurerm_subnet.privatelinksubnet",
            "azurerm_virtual_network.vnet"
          ]
        }
      ]
    },
    {
      "mode": "managed",
      "type": "azurerm_resource_group",
      "name": "rg",
      "provider": "provider[\"registry.terraform.io/hashicorp/azurerm\"]",
      "instances": [
        {
          "schema_version": 0,
          "attributes": {
            "id": "/subscriptions/25cc9009-2580-4987-936c-95aaab093023/resourceGroups/rg6",
            "location": "northeurope",
            "managed_by": "",
            "name": "rg6",
            "tags": {},
            "timeouts": null
          },
          "sensitive_attributes": [],
          "private": "eyJlMmJmYjczMC1lY2FhLTExZTYtOGY4OC0zNDM2M2JjN2M0YzAiOnsiY3JlYXRlIjo1NDAwMDAwMDAwMDAwLCJkZWxldGUiOjU0MDAwMDAwMDAwMDAsInJlYWQiOjMwMDAwMDAwMDAwMCwidXBkYXRlIjo1NDAwMDAwMDAwMDAwfX0="
        }
      ]
    },
    {
      "mode": "managed",
      "type": "azurerm_role_assignment",
      "name": "aksdnsrole",
      "provider": "provider[\"registry.terraform.io/hashicorp/azurerm\"]",
      "instances": [
        {
          "schema_version": 0,
          "attributes": {
            "condition": "",
            "condition_version": "",
            "delegated_managed_identity_resource_id": "",
            "description": "",
            "id": "/subscriptions/25cc9009-2580-4987-936c-95aaab093023/resourceGroups/rg6/providers/Microsoft.Network/privateDnsZones/privatelink.northeurope.azmk8s.io/providers/Microsoft.Authorization/roleAssignments/f52fd3d4-6988-c0b0-d92a-83d85419c58a",
            "name": "f52fd3d4-6988-c0b0-d92a-83d85419c58a",
            "principal_id": "66f04d68-c846-43e2-8558-3de81a800ffc",
            "principal_type": "ServicePrincipal",
            "role_definition_id": "/subscriptions/25cc9009-2580-4987-936c-95aaab093023/providers/Microsoft.Authorization/roleDefinitions/b12aa53e-6015-4669-85d0-8515ebb3ae7f",
            "role_definition_name": "Private DNS Zone Contributor",
            "scope": "/subscriptions/25cc9009-2580-4987-936c-95aaab093023/resourceGroups/rg6/providers/Microsoft.Network/privateDnsZones/privatelink.northeurope.azmk8s.io",
            "skip_service_principal_aad_check": null,
            "timeouts": null
          },
          "sensitive_attributes": [],
          "private": "eyJlMmJmYjczMC1lY2FhLTExZTYtOGY4OC0zNDM2M2JjN2M0YzAiOnsiY3JlYXRlIjoxODAwMDAwMDAwMDAwLCJkZWxldGUiOjE4MDAwMDAwMDAwMDAsInJlYWQiOjMwMDAwMDAwMDAwMH19",
          "dependencies": [
            "azurerm_private_dns_zone.aks",
            "azurerm_resource_group.rg",
            "azurerm_user_assigned_identity.aksid"
          ]
        }
      ]
    },
    {
      "mode": "managed",
      "type": "azurerm_role_assignment",
      "name": "aksvnetrole",
      "provider": "provider[\"registry.terraform.io/hashicorp/azurerm\"]",
      "instances": [
        {
          "schema_version": 0,
          "attributes": {
            "condition": "",
            "condition_version": "",
            "delegated_managed_identity_resource_id": "",
            "description": "",
            "id": "/subscriptions/25cc9009-2580-4987-936c-95aaab093023/resourceGroups/rg6/providers/Microsoft.Network/virtualNetworks/vnet-northeurope/providers/Microsoft.Authorization/roleAssignments/2b7044af-4c75-0028-9533-ab6cbdf7665f",
            "name": "2b7044af-4c75-0028-9533-ab6cbdf7665f",
            "principal_id": "66f04d68-c846-43e2-8558-3de81a800ffc",
            "principal_type": "ServicePrincipal",
            "role_definition_id": "/subscriptions/25cc9009-2580-4987-936c-95aaab093023/providers/Microsoft.Authorization/roleDefinitions/4d97b98b-1d4f-4787-a291-c67834d212e7",
            "role_definition_name": "Network Contributor",
            "scope": "/subscriptions/25cc9009-2580-4987-936c-95aaab093023/resourceGroups/rg6/providers/Microsoft.Network/virtualNetworks/vnet-northeurope",
            "skip_service_principal_aad_check": null,
            "timeouts": null
          },
          "sensitive_attributes": [],
          "private": "eyJlMmJmYjczMC1lY2FhLTExZTYtOGY4OC0zNDM2M2JjN2M0YzAiOnsiY3JlYXRlIjoxODAwMDAwMDAwMDAwLCJkZWxldGUiOjE4MDAwMDAwMDAwMDAsInJlYWQiOjMwMDAwMDAwMDAwMH19",
          "dependencies": [
            "azurerm_resource_group.rg",
            "azurerm_user_assigned_identity.aksid",
            "azurerm_virtual_network.vnet"
          ]
        }
      ]
    },
    {
      "mode": "managed",
      "type": "azurerm_subnet",
      "name": "agicsubnet",
      "provider": "provider[\"registry.terraform.io/hashicorp/azurerm\"]",
      "instances": [
        {
          "schema_version": 0,
          "attributes": {
            "address_prefixes": [
              "10.67.100.0/24"
            ],
            "delegation": [],
            "enforce_private_link_endpoint_network_policies": false,
            "enforce_private_link_service_network_policies": false,
            "id": "/subscriptions/25cc9009-2580-4987-936c-95aaab093023/resourceGroups/rg6/providers/Microsoft.Network/virtualNetworks/vnet-northeurope/subnets/AGICSubnet",
            "name": "AGICSubnet",
            "private_endpoint_network_policies_enabled": true,
            "private_link_service_network_policies_enabled": true,
            "resource_group_name": "rg6",
            "service_endpoint_policy_ids": [],
            "service_endpoints": [],
            "timeouts": null,
            "virtual_network_name": "vnet-northeurope"
          },
          "sensitive_attributes": [],
          "private": "eyJlMmJmYjczMC1lY2FhLTExZTYtOGY4OC0zNDM2M2JjN2M0YzAiOnsiY3JlYXRlIjoxODAwMDAwMDAwMDAwLCJkZWxldGUiOjE4MDAwMDAwMDAwMDAsInJlYWQiOjMwMDAwMDAwMDAwMCwidXBkYXRlIjoxODAwMDAwMDAwMDAwfX0=",
          "dependencies": [
            "azurerm_resource_group.rg",
            "azurerm_virtual_network.vnet"
          ]
        }
      ]
    },
    {
      "mode": "managed",
      "type": "azurerm_subnet",
      "name": "aksnodesubnet",
      "provider": "provider[\"registry.terraform.io/hashicorp/azurerm\"]",
      "instances": [
        {
          "schema_version": 0,
          "attributes": {
            "address_prefixes": [
              "10.67.6.0/24"
            ],
            "delegation": [],
            "enforce_private_link_endpoint_network_policies": false,
            "enforce_private_link_service_network_policies": false,
            "id": "/subscriptions/25cc9009-2580-4987-936c-95aaab093023/resourceGroups/rg6/providers/Microsoft.Network/virtualNetworks/vnet-northeurope/subnets/AKSNodeSubnet",
            "name": "AKSNodeSubnet",
            "private_endpoint_network_policies_enabled": true,
            "private_link_service_network_policies_enabled": true,
            "resource_group_name": "rg6",
            "service_endpoint_policy_ids": [],
            "service_endpoints": [],
            "timeouts": null,
            "virtual_network_name": "vnet-northeurope"
          },
          "sensitive_attributes": [],
          "private": "eyJlMmJmYjczMC1lY2FhLTExZTYtOGY4OC0zNDM2M2JjN2M0YzAiOnsiY3JlYXRlIjoxODAwMDAwMDAwMDAwLCJkZWxldGUiOjE4MDAwMDAwMDAwMDAsInJlYWQiOjMwMDAwMDAwMDAwMCwidXBkYXRlIjoxODAwMDAwMDAwMDAwfX0=",
          "dependencies": [
            "azurerm_resource_group.rg",
            "azurerm_virtual_network.vnet"
          ]
        }
      ]
    },
    {
      "mode": "managed",
      "type": "azurerm_subnet",
      "name": "akspodsubnet",
      "provider": "provider[\"registry.terraform.io/hashicorp/azurerm\"]",
      "instances": [
        {
          "schema_version": 0,
          "attributes": {
            "address_prefixes": [
              "10.67.16.0/20"
            ],
            "delegation": [],
            "enforce_private_link_endpoint_network_policies": false,
            "enforce_private_link_service_network_policies": false,
            "id": "/subscriptions/25cc9009-2580-4987-936c-95aaab093023/resourceGroups/rg6/providers/Microsoft.Network/virtualNetworks/vnet-northeurope/subnets/AKSPodSubnet",
            "name": "AKSPodSubnet",
            "private_endpoint_network_policies_enabled": true,
            "private_link_service_network_policies_enabled": true,
            "resource_group_name": "rg6",
            "service_endpoint_policy_ids": [],
            "service_endpoints": [],
            "timeouts": null,
            "virtual_network_name": "vnet-northeurope"
          },
          "sensitive_attributes": [],
          "private": "eyJlMmJmYjczMC1lY2FhLTExZTYtOGY4OC0zNDM2M2JjN2M0YzAiOnsiY3JlYXRlIjoxODAwMDAwMDAwMDAwLCJkZWxldGUiOjE4MDAwMDAwMDAwMDAsInJlYWQiOjMwMDAwMDAwMDAwMCwidXBkYXRlIjoxODAwMDAwMDAwMDAwfX0=",
          "dependencies": [
            "azurerm_resource_group.rg",
            "azurerm_virtual_network.vnet"
          ]
        }
      ]
    },
    {
      "mode": "managed",
      "type": "azurerm_subnet",
      "name": "azurebastionsubnet",
      "provider": "provider[\"registry.terraform.io/hashicorp/azurerm\"]",
      "instances": [
        {
          "schema_version": 0,
          "attributes": {
            "address_prefixes": [
              "10.67.0.64/26"
            ],
            "delegation": [],
            "enforce_private_link_endpoint_network_policies": false,
            "enforce_private_link_service_network_policies": false,
            "id": "/subscriptions/25cc9009-2580-4987-936c-95aaab093023/resourceGroups/rg6/providers/Microsoft.Network/virtualNetworks/vnet-northeurope/subnets/AzureBastionSubnet",
            "name": "AzureBastionSubnet",
            "private_endpoint_network_policies_enabled": true,
            "private_link_service_network_policies_enabled": true,
            "resource_group_name": "rg6",
            "service_endpoint_policy_ids": [],
            "service_endpoints": [],
            "timeouts": null,
            "virtual_network_name": "vnet-northeurope"
          },
          "sensitive_attributes": [],
          "private": "eyJlMmJmYjczMC1lY2FhLTExZTYtOGY4OC0zNDM2M2JjN2M0YzAiOnsiY3JlYXRlIjoxODAwMDAwMDAwMDAwLCJkZWxldGUiOjE4MDAwMDAwMDAwMDAsInJlYWQiOjMwMDAwMDAwMDAwMCwidXBkYXRlIjoxODAwMDAwMDAwMDAwfX0=",
          "dependencies": [
            "azurerm_resource_group.rg",
            "azurerm_virtual_network.vnet"
          ]
        }
      ]
    },
    {
      "mode": "managed",
      "type": "azurerm_subnet",
      "name": "azurefirewallsubnet",
      "provider": "provider[\"registry.terraform.io/hashicorp/azurerm\"]",
      "instances": [
        {
          "schema_version": 0,
          "attributes": {
            "address_prefixes": [
              "10.67.0.128/26"
            ],
            "delegation": [],
            "enforce_private_link_endpoint_network_policies": false,
            "enforce_private_link_service_network_policies": false,
            "id": "/subscriptions/25cc9009-2580-4987-936c-95aaab093023/resourceGroups/rg6/providers/Microsoft.Network/virtualNetworks/vnet-northeurope/subnets/AzureFirewallSubnet",
            "name": "AzureFirewallSubnet",
            "private_endpoint_network_policies_enabled": true,
            "private_link_service_network_policies_enabled": true,
            "resource_group_name": "rg6",
            "service_endpoint_policy_ids": [],
            "service_endpoints": [],
            "timeouts": null,
            "virtual_network_name": "vnet-northeurope"
          },
          "sensitive_attributes": [],
          "private": "eyJlMmJmYjczMC1lY2FhLTExZTYtOGY4OC0zNDM2M2JjN2M0YzAiOnsiY3JlYXRlIjoxODAwMDAwMDAwMDAwLCJkZWxldGUiOjE4MDAwMDAwMDAwMDAsInJlYWQiOjMwMDAwMDAwMDAwMCwidXBkYXRlIjoxODAwMDAwMDAwMDAwfX0=",
          "dependencies": [
            "azurerm_resource_group.rg",
            "azurerm_virtual_network.vnet"
          ]
        }
      ]
    },
    {
      "mode": "managed",
      "type": "azurerm_subnet",
      "name": "default",
      "provider": "provider[\"registry.terraform.io/hashicorp/azurerm\"]",
      "instances": [
        {
          "schema_version": 0,
          "attributes": {
            "address_prefixes": [
              "10.67.1.0/24"
            ],
            "delegation": [],
            "enforce_private_link_endpoint_network_policies": false,
            "enforce_private_link_service_network_policies": false,
            "id": "/subscriptions/25cc9009-2580-4987-936c-95aaab093023/resourceGroups/rg6/providers/Microsoft.Network/virtualNetworks/vnet-northeurope/subnets/Default",
            "name": "Default",
            "private_endpoint_network_policies_enabled": true,
            "private_link_service_network_policies_enabled": true,
            "resource_group_name": "rg6",
            "service_endpoint_policy_ids": [],
            "service_endpoints": [],
            "timeouts": null,
            "virtual_network_name": "vnet-northeurope"
          },
          "sensitive_attributes": [],
          "private": "eyJlMmJmYjczMC1lY2FhLTExZTYtOGY4OC0zNDM2M2JjN2M0YzAiOnsiY3JlYXRlIjoxODAwMDAwMDAwMDAwLCJkZWxldGUiOjE4MDAwMDAwMDAwMDAsInJlYWQiOjMwMDAwMDAwMDAwMCwidXBkYXRlIjoxODAwMDAwMDAwMDAwfX0=",
          "dependencies": [
            "azurerm_resource_group.rg",
            "azurerm_virtual_network.vnet"
          ]
        }
      ]
    },
    {
      "mode": "managed",
      "type": "azurerm_subnet",
      "name": "gatewaysubnet",
      "provider": "provider[\"registry.terraform.io/hashicorp/azurerm\"]",
      "instances": [
        {
          "schema_version": 0,
          "attributes": {
            "address_prefixes": [
              "10.67.0.0/26"
            ],
            "delegation": [],
            "enforce_private_link_endpoint_network_policies": false,
            "enforce_private_link_service_network_policies": false,
            "id": "/subscriptions/25cc9009-2580-4987-936c-95aaab093023/resourceGroups/rg6/providers/Microsoft.Network/virtualNetworks/vnet-northeurope/subnets/GatewaySubnet",
            "name": "GatewaySubnet",
            "private_endpoint_network_policies_enabled": true,
            "private_link_service_network_policies_enabled": true,
            "resource_group_name": "rg6",
            "service_endpoint_policy_ids": [],
            "service_endpoints": [],
            "timeouts": null,
            "virtual_network_name": "vnet-northeurope"
          },
          "sensitive_attributes": [],
          "private": "eyJlMmJmYjczMC1lY2FhLTExZTYtOGY4OC0zNDM2M2JjN2M0YzAiOnsiY3JlYXRlIjoxODAwMDAwMDAwMDAwLCJkZWxldGUiOjE4MDAwMDAwMDAwMDAsInJlYWQiOjMwMDAwMDAwMDAwMCwidXBkYXRlIjoxODAwMDAwMDAwMDAwfX0=",
          "dependencies": [
            "azurerm_resource_group.rg",
            "azurerm_virtual_network.vnet"
          ]
        }
      ]
    },
    {
      "mode": "managed",
      "type": "azurerm_subnet",
      "name": "kafkaSubnet",
      "provider": "provider[\"registry.terraform.io/hashicorp/azurerm\"]",
      "instances": [
        {
          "schema_version": 0,
          "attributes": {
            "address_prefixes": [
              "10.67.4.0/24"
            ],
            "delegation": [],
            "enforce_private_link_endpoint_network_policies": false,
            "enforce_private_link_service_network_policies": false,
            "id": "/subscriptions/25cc9009-2580-4987-936c-95aaab093023/resourceGroups/rg6/providers/Microsoft.Network/virtualNetworks/vnet-northeurope/subnets/KafkaSubnet",
            "name": "KafkaSubnet",
            "private_endpoint_network_policies_enabled": true,
            "private_link_service_network_policies_enabled": true,
            "resource_group_name": "rg6",
            "service_endpoint_policy_ids": [],
            "service_endpoints": [],
            "timeouts": null,
            "virtual_network_name": "vnet-northeurope"
          },
          "sensitive_attributes": [],
          "private": "eyJlMmJmYjczMC1lY2FhLTExZTYtOGY4OC0zNDM2M2JjN2M0YzAiOnsiY3JlYXRlIjoxODAwMDAwMDAwMDAwLCJkZWxldGUiOjE4MDAwMDAwMDAwMDAsInJlYWQiOjMwMDAwMDAwMDAwMCwidXBkYXRlIjoxODAwMDAwMDAwMDAwfX0=",
          "dependencies": [
            "azurerm_resource_group.rg",
            "azurerm_virtual_network.vnet"
          ]
        }
      ]
    },
    {
      "mode": "managed",
      "type": "azurerm_subnet",
      "name": "mysqlsubnet",
      "provider": "provider[\"registry.terraform.io/hashicorp/azurerm\"]",
      "instances": [
        {
          "schema_version": 0,
          "attributes": {
            "address_prefixes": [
              "10.67.3.0/24"
            ],
            "delegation": [],
            "enforce_private_link_endpoint_network_policies": false,
            "enforce_private_link_service_network_policies": false,
            "id": "/subscriptions/25cc9009-2580-4987-936c-95aaab093023/resourceGroups/rg6/providers/Microsoft.Network/virtualNetworks/vnet-northeurope/subnets/MySQLSubnet",
            "name": "MySQLSubnet",
            "private_endpoint_network_policies_enabled": true,
            "private_link_service_network_policies_enabled": true,
            "resource_group_name": "rg6",
            "service_endpoint_policy_ids": [],
            "service_endpoints": [],
            "timeouts": null,
            "virtual_network_name": "vnet-northeurope"
          },
          "sensitive_attributes": [],
          "private": "eyJlMmJmYjczMC1lY2FhLTExZTYtOGY4OC0zNDM2M2JjN2M0YzAiOnsiY3JlYXRlIjoxODAwMDAwMDAwMDAwLCJkZWxldGUiOjE4MDAwMDAwMDAwMDAsInJlYWQiOjMwMDAwMDAwMDAwMCwidXBkYXRlIjoxODAwMDAwMDAwMDAwfX0=",
          "dependencies": [
            "azurerm_resource_group.rg",
            "azurerm_virtual_network.vnet"
          ]
        }
      ]
    },
    {
      "mode": "managed",
      "type": "azurerm_subnet",
      "name": "privatelinksubnet",
      "provider": "provider[\"registry.terraform.io/hashicorp/azurerm\"]",
      "instances": [
        {
          "schema_version": 0,
          "attributes": {
            "address_prefixes": [
              "10.67.5.0/24"
            ],
            "delegation": [],
            "enforce_private_link_endpoint_network_policies": false,
            "enforce_private_link_service_network_policies": false,
            "id": "/subscriptions/25cc9009-2580-4987-936c-95aaab093023/resourceGroups/rg6/providers/Microsoft.Network/virtualNetworks/vnet-northeurope/subnets/PrivateLinkSubnet",
            "name": "PrivateLinkSubnet",
            "private_endpoint_network_policies_enabled": true,
            "private_link_service_network_policies_enabled": true,
            "resource_group_name": "rg6",
            "service_endpoint_policy_ids": [],
            "service_endpoints": [],
            "timeouts": null,
            "virtual_network_name": "vnet-northeurope"
          },
          "sensitive_attributes": [],
          "private": "eyJlMmJmYjczMC1lY2FhLTExZTYtOGY4OC0zNDM2M2JjN2M0YzAiOnsiY3JlYXRlIjoxODAwMDAwMDAwMDAwLCJkZWxldGUiOjE4MDAwMDAwMDAwMDAsInJlYWQiOjMwMDAwMDAwMDAwMCwidXBkYXRlIjoxODAwMDAwMDAwMDAwfX0=",
          "dependencies": [
            "azurerm_resource_group.rg",
            "azurerm_virtual_network.vnet"
          ]
        }
      ]
    },
    {
      "mode": "managed",
      "type": "azurerm_subnet",
      "name": "redissubnet",
      "provider": "provider[\"registry.terraform.io/hashicorp/azurerm\"]",
      "instances": [
        {
          "schema_version": 0,
          "attributes": {
            "address_prefixes": [
              "10.67.2.0/24"
            ],
            "delegation": [],
            "enforce_private_link_endpoint_network_policies": false,
            "enforce_private_link_service_network_policies": false,
            "id": "/subscriptions/25cc9009-2580-4987-936c-95aaab093023/resourceGroups/rg6/providers/Microsoft.Network/virtualNetworks/vnet-northeurope/subnets/RedisSubnet",
            "name": "RedisSubnet",
            "private_endpoint_network_policies_enabled": true,
            "private_link_service_network_policies_enabled": true,
            "resource_group_name": "rg6",
            "service_endpoint_policy_ids": [],
            "service_endpoints": [],
            "timeouts": null,
            "virtual_network_name": "vnet-northeurope"
          },
          "sensitive_attributes": [],
          "private": "eyJlMmJmYjczMC1lY2FhLTExZTYtOGY4OC0zNDM2M2JjN2M0YzAiOnsiY3JlYXRlIjoxODAwMDAwMDAwMDAwLCJkZWxldGUiOjE4MDAwMDAwMDAwMDAsInJlYWQiOjMwMDAwMDAwMDAwMCwidXBkYXRlIjoxODAwMDAwMDAwMDAwfX0=",
          "dependencies": [
            "azurerm_resource_group.rg",
            "azurerm_virtual_network.vnet"
          ]
        }
      ]
    },
    {
      "mode": "managed",
      "type": "azurerm_subnet",
      "name": "routeserversubnet",
      "provider": "provider[\"registry.terraform.io/hashicorp/azurerm\"]",
      "instances": [
        {
          "schema_version": 0,
          "attributes": {
            "address_prefixes": [
              "10.67.0.192/26"
            ],
            "delegation": [],
            "enforce_private_link_endpoint_network_policies": false,
            "enforce_private_link_service_network_policies": false,
            "id": "/subscriptions/25cc9009-2580-4987-936c-95aaab093023/resourceGroups/rg6/providers/Microsoft.Network/virtualNetworks/vnet-northeurope/subnets/RouteServerSubnet",
            "name": "RouteServerSubnet",
            "private_endpoint_network_policies_enabled": true,
            "private_link_service_network_policies_enabled": true,
            "resource_group_name": "rg6",
            "service_endpoint_policy_ids": [],
            "service_endpoints": [],
            "timeouts": null,
            "virtual_network_name": "vnet-northeurope"
          },
          "sensitive_attributes": [],
          "private": "eyJlMmJmYjczMC1lY2FhLTExZTYtOGY4OC0zNDM2M2JjN2M0YzAiOnsiY3JlYXRlIjoxODAwMDAwMDAwMDAwLCJkZWxldGUiOjE4MDAwMDAwMDAwMDAsInJlYWQiOjMwMDAwMDAwMDAwMCwidXBkYXRlIjoxODAwMDAwMDAwMDAwfX0=",
          "dependencies": [
            "azurerm_resource_group.rg",
            "azurerm_virtual_network.vnet"
          ]
        }
      ]
    },
    {
      "mode": "managed",
      "type": "azurerm_user_assigned_identity",
      "name": "aksid",
      "provider": "provider[\"registry.terraform.io/hashicorp/azurerm\"]",
      "instances": [
        {
          "schema_version": 1,
          "attributes": {
            "client_id": "a3a4d1e9-cab7-44a1-9f0d-eb74b33581f7",
            "id": "/subscriptions/25cc9009-2580-4987-936c-95aaab093023/resourceGroups/rg6/providers/Microsoft.ManagedIdentity/userAssignedIdentities/aks-identity",
            "location": "northeurope",
            "name": "aks-identity",
            "principal_id": "66f04d68-c846-43e2-8558-3de81a800ffc",
            "resource_group_name": "rg6",
            "tags": {},
            "tenant_id": "25c41cb6-6a7d-44ea-b324-0c120c637d3a",
            "timeouts": null
          },
          "sensitive_attributes": [],
          "private": "eyJlMmJmYjczMC1lY2FhLTExZTYtOGY4OC0zNDM2M2JjN2M0YzAiOnsiY3JlYXRlIjoxODAwMDAwMDAwMDAwLCJkZWxldGUiOjE4MDAwMDAwMDAwMDAsInJlYWQiOjMwMDAwMDAwMDAwMCwidXBkYXRlIjoxODAwMDAwMDAwMDAwfSwic2NoZW1hX3ZlcnNpb24iOiIxIn0=",
          "dependencies": [
            "azurerm_resource_group.rg"
          ]
        }
      ]
    },
    {
      "mode": "managed",
      "type": "azurerm_virtual_network",
      "name": "vnet",
      "provider": "provider[\"registry.terraform.io/hashicorp/azurerm\"]",
      "instances": [
        {
          "schema_version": 0,
          "attributes": {
            "address_space": [
              "10.67.0.0/17"
            ],
            "bgp_community": "",
            "ddos_protection_plan": [],
            "dns_servers": [],
            "edge_zone": "",
            "encryption": [],
            "flow_timeout_in_minutes": 0,
            "guid": "ccfc291f-2655-4982-a9df-cd721d1a4e5b",
            "id": "/subscriptions/25cc9009-2580-4987-936c-95aaab093023/resourceGroups/rg6/providers/Microsoft.Network/virtualNetworks/vnet-northeurope",
            "location": "northeurope",
            "name": "vnet-northeurope",
            "resource_group_name": "rg6",
            "subnet": [
              {
                "address_prefix": "10.67.0.0/26",
                "id": "/subscriptions/25cc9009-2580-4987-936c-95aaab093023/resourceGroups/rg6/providers/Microsoft.Network/virtualNetworks/vnet-northeurope/subnets/GatewaySubnet",
                "name": "GatewaySubnet",
                "security_group": ""
              },
              {
                "address_prefix": "10.67.0.128/26",
                "id": "/subscriptions/25cc9009-2580-4987-936c-95aaab093023/resourceGroups/rg6/providers/Microsoft.Network/virtualNetworks/vnet-northeurope/subnets/AzureFirewallSubnet",
                "name": "AzureFirewallSubnet",
                "security_group": ""
              },
              {
                "address_prefix": "10.67.0.192/26",
                "id": "/subscriptions/25cc9009-2580-4987-936c-95aaab093023/resourceGroups/rg6/providers/Microsoft.Network/virtualNetworks/vnet-northeurope/subnets/RouteServerSubnet",
                "name": "RouteServerSubnet",
                "security_group": ""
              },
              {
                "address_prefix": "10.67.0.64/26",
                "id": "/subscriptions/25cc9009-2580-4987-936c-95aaab093023/resourceGroups/rg6/providers/Microsoft.Network/virtualNetworks/vnet-northeurope/subnets/AzureBastionSubnet",
                "name": "AzureBastionSubnet",
                "security_group": ""
              },
              {
                "address_prefix": "10.67.1.0/24",
                "id": "/subscriptions/25cc9009-2580-4987-936c-95aaab093023/resourceGroups/rg6/providers/Microsoft.Network/virtualNetworks/vnet-northeurope/subnets/Default",
                "name": "Default",
                "security_group": ""
              },
              {
                "address_prefix": "10.67.100.0/24",
                "id": "/subscriptions/25cc9009-2580-4987-936c-95aaab093023/resourceGroups/rg6/providers/Microsoft.Network/virtualNetworks/vnet-northeurope/subnets/AGICSubnet",
                "name": "AGICSubnet",
                "security_group": ""
              },
              {
                "address_prefix": "10.67.16.0/20",
                "id": "/subscriptions/25cc9009-2580-4987-936c-95aaab093023/resourceGroups/rg6/providers/Microsoft.Network/virtualNetworks/vnet-northeurope/subnets/AKSPodSubnet",
                "name": "AKSPodSubnet",
                "security_group": ""
              },
              {
                "address_prefix": "10.67.2.0/24",
                "id": "/subscriptions/25cc9009-2580-4987-936c-95aaab093023/resourceGroups/rg6/providers/Microsoft.Network/virtualNetworks/vnet-northeurope/subnets/RedisSubnet",
                "name": "RedisSubnet",
                "security_group": ""
              },
              {
                "address_prefix": "10.67.3.0/24",
                "id": "/subscriptions/25cc9009-2580-4987-936c-95aaab093023/resourceGroups/rg6/providers/Microsoft.Network/virtualNetworks/vnet-northeurope/subnets/MySQLSubnet",
                "name": "MySQLSubnet",
                "security_group": ""
              },
              {
                "address_prefix": "10.67.4.0/24",
                "id": "/subscriptions/25cc9009-2580-4987-936c-95aaab093023/resourceGroups/rg6/providers/Microsoft.Network/virtualNetworks/vnet-northeurope/subnets/KafkaSubnet",
                "name": "KafkaSubnet",
                "security_group": ""
              },
              {
                "address_prefix": "10.67.5.0/24",
                "id": "/subscriptions/25cc9009-2580-4987-936c-95aaab093023/resourceGroups/rg6/providers/Microsoft.Network/virtualNetworks/vnet-northeurope/subnets/PrivateLinkSubnet",
                "name": "PrivateLinkSubnet",
                "security_group": ""
              },
              {
                "address_prefix": "10.67.6.0/24",
                "id": "/subscriptions/25cc9009-2580-4987-936c-95aaab093023/resourceGroups/rg6/providers/Microsoft.Network/virtualNetworks/vnet-northeurope/subnets/AKSNodeSubnet",
                "name": "AKSNodeSubnet",
                "security_group": ""
              }
            ],
            "tags": {},
            "timeouts": null
          },
          "sensitive_attributes": [],
          "private": "eyJlMmJmYjczMC1lY2FhLTExZTYtOGY4OC0zNDM2M2JjN2M0YzAiOnsiY3JlYXRlIjoxODAwMDAwMDAwMDAwLCJkZWxldGUiOjE4MDAwMDAwMDAwMDAsInJlYWQiOjMwMDAwMDAwMDAwMCwidXBkYXRlIjoxODAwMDAwMDAwMDAwfX0=",
          "dependencies": [
            "azurerm_resource_group.rg"
          ]
        }
      ]
    }
  ],
  "check_results": null
}
